
Microsoft Visual Studio Solution File, Format Version 12.00
# Visual Studio Version 16
VisualStudioVersion = 16.0.30128.74
MinimumVisualStudioVersion = 10.0.40219.1
Project("{2150E333-8FDC-42A3-9474-1A3956D46DE8}") = "ApiCommon", "ApiCommon", "{43939E36-17BA-4426-8B8A-C5721F3AAE2A}"
EndProject
Project("{FAE04EC0-301F-11D3-BF4B-00C04F79EFBC}") = "CommonLibary", "CommonLibary\CommonLibary.csproj", "{3BA4A722-C925-4D08-8C45-8EE101D06576}"
EndProject
Global
	GlobalSection(SolutionConfigurationPlatforms) = preSolution
		Debug|Any CPU = Debug|Any CPU
		Release|Any CPU = Release|Any CPU
	EndGlobalSection
	GlobalSection(ProjectConfigurationPlatforms) = postSolution
		{3BA4A722-C925-4D08-8C45-8EE101D06576}.Debug|Any CPU.ActiveCfg = Debug|Any CPU
		{3BA4A722-C925-4D08-8C45-8EE101D06576}.Debug|Any CPU.Build.0 = Debug|Any CPU
		{3BA4A722-C925-4D08-8C45-8EE101D06576}.Release|Any CPU.ActiveCfg = Release|Any CPU
		{3BA4A722-C925-4D08-8C45-8EE101D06576}.Release|Any CPU.Build.0 = Release|Any CPU
	EndGlobalSection
	GlobalSection(SolutionProperties) = preSolution
		HideSolutionNode = FALSE
	EndGlobalSection
	GlobalSection(NestedProjects) = preSolution
		{3BA4A722-C925-4D08-8C45-8EE101D06576} = {43939E36-17BA-4426-8B8A-C5721F3AAE2A}
	EndGlobalSection
	GlobalSection(ExtensibilityGlobals) = postSolution
		SolutionGuid = {44DECF43-94C2-4D37-AA49-B8B4A414D5DB}
	EndGlobalSection
EndGlobal
